auto_pick_colorBlock:
  ros__parameters:
    Pick_start: false
    car_search_distance_max: 3.0
    
    # 机械臂 Look 位置
    look_jointA: -1.80796
    look_position_x: 0.062
    look_position_y: -0.008
    
    # 机械臂 Put 位置
    put_jointA: 0.0
    put_position_x: 0.2
    put_position_y: -0.145
    
    gripper: 0
    
    # 颜色选择 (0:Dynamic, 1:Green, 2:Blue, 3:Yellow, 4:Red)
    color: 0
    
    # HSV 阈值
    HSV_H_MIN: 0
    HSV_S_MIN: 0
    HSV_V_MIN: 0
    HSV_H_MAX: 0
    HSV_S_MAX: 0
    HSV_V_MAX: 0
    
    dilate_erode_size: 7
    car_search_foward: 0.25
    target_areaSize: 6000.0
    target_y_bias: 60.0
    Car_foward_KP: 0.1

